{
    "version": 3,
    "terraform_version": "0.11.11",
    "serial": 8,
    "lineage": "744c2c4f-6ae5-b799-aad8-7b7f36b974d4",
    "modules": [
        {
            "path": [
                "root"
            ],
            "outputs": {
                "theprodbucket": {
                    "sensitive": false,
                    "type": "string",
                    "value": "531092236525-prod"
                },
                "thestgbucket": {
                    "sensitive": false,
                    "type": "string",
                    "value": "531092236525-stg"
                },
                "theuatbucket": {
                    "sensitive": false,
                    "type": "string",
                    "value": "531092236525-uat"
                }
            },
            "resources": {
                "aws_dynamodb_table.theDynamodbTable": {
                    "type": "aws_dynamodb_table",
                    "depends_on": [],
                    "primary": {
                        "id": "theDynamodbTable",
                        "attributes": {
                            "arn": "arn:aws:dynamodb:eu-west-2:531092236525:table/theDynamodbTable",
                            "attribute.#": "1",
                            "attribute.421870470.name": "lockid",
                            "attribute.421870470.type": "S",
                            "billing_mode": "PROVISIONED",
                            "global_secondary_index.#": "0",
                            "hash_key": "lockid",
                            "id": "theDynamodbTable",
                            "local_secondary_index.#": "0",
                            "name": "theDynamodbTable",
                            "point_in_time_recovery.#": "1",
                            "point_in_time_recovery.0.enabled": "false",
                            "read_capacity": "20",
                            "server_side_encryption.#": "0",
                            "stream_arn": "",
                            "stream_enabled": "false",
                            "stream_label": "",
                            "stream_view_type": "",
                            "tags.%": "0",
                            "ttl.#": "0",
                            "write_capacity": "20"
                        },
                        "meta": {
                            "e2bfb730-ecaa-11e6-8f88-34363bc7c4c0": {
                                "create": 600000000000,
                                "delete": 600000000000,
                                "update": 600000000000
                            },
                            "schema_version": "1"
                        },
                        "tainted": false
                    },
                    "deposed": [],
                    "provider": "provider.aws"
                },
                "aws_s3_bucket.prod_stateinfo": {
                    "type": "aws_s3_bucket",
                    "depends_on": [
                        "data.aws_caller_identity.current"
                    ],
                    "primary": {
                        "id": "531092236525-prod",
                        "attributes": {
                            "acceleration_status": "",
                            "acl": "private",
                            "arn": "arn:aws:s3:::531092236525-prod",
                            "bucket": "531092236525-prod",
                            "bucket_domain_name": "531092236525-prod.s3.amazonaws.com",
                            "bucket_regional_domain_name": "531092236525-prod.s3.eu-west-2.amazonaws.com",
                            "cors_rule.#": "0",
                            "force_destroy": "false",
                            "hosted_zone_id": "Z3GKZC51ZF0DB4",
                            "id": "531092236525-prod",
                            "lifecycle_rule.#": "0",
                            "logging.#": "0",
                            "object_lock_configuration.#": "0",
                            "region": "eu-west-2",
                            "replication_configuration.#": "0",
                            "request_payer": "BucketOwner",
                            "server_side_encryption_configuration.#": "0",
                            "tags.%": "0",
                            "versioning.#": "1",
                            "versioning.0.enabled": "true",
                            "versioning.0.mfa_delete": "false",
                            "website.#": "0"
                        },
                        "meta": {},
                        "tainted": false
                    },
                    "deposed": [],
                    "provider": "provider.aws"
                },
                "aws_s3_bucket.stg_stateinfo": {
                    "type": "aws_s3_bucket",
                    "depends_on": [
                        "data.aws_caller_identity.current"
                    ],
                    "primary": {
                        "id": "531092236525-stg",
                        "attributes": {
                            "acceleration_status": "",
                            "acl": "private",
                            "arn": "arn:aws:s3:::531092236525-stg",
                            "bucket": "531092236525-stg",
                            "bucket_domain_name": "531092236525-stg.s3.amazonaws.com",
                            "bucket_regional_domain_name": "531092236525-stg.s3.eu-west-2.amazonaws.com",
                            "cors_rule.#": "0",
                            "force_destroy": "false",
                            "hosted_zone_id": "Z3GKZC51ZF0DB4",
                            "id": "531092236525-stg",
                            "lifecycle_rule.#": "0",
                            "logging.#": "0",
                            "object_lock_configuration.#": "0",
                            "region": "eu-west-2",
                            "replication_configuration.#": "0",
                            "request_payer": "BucketOwner",
                            "server_side_encryption_configuration.#": "0",
                            "tags.%": "0",
                            "versioning.#": "1",
                            "versioning.0.enabled": "true",
                            "versioning.0.mfa_delete": "false",
                            "website.#": "0"
                        },
                        "meta": {},
                        "tainted": false
                    },
                    "deposed": [],
                    "provider": "provider.aws"
                },
                "aws_s3_bucket.uat_stateinfo": {
                    "type": "aws_s3_bucket",
                    "depends_on": [
                        "data.aws_caller_identity.current"
                    ],
                    "primary": {
                        "id": "531092236525-uat",
                        "attributes": {
                            "acceleration_status": "",
                            "acl": "private",
                            "arn": "arn:aws:s3:::531092236525-uat",
                            "bucket": "531092236525-uat",
                            "bucket_domain_name": "531092236525-uat.s3.amazonaws.com",
                            "bucket_regional_domain_name": "531092236525-uat.s3.eu-west-2.amazonaws.com",
                            "cors_rule.#": "0",
                            "force_destroy": "false",
                            "hosted_zone_id": "Z3GKZC51ZF0DB4",
                            "id": "531092236525-uat",
                            "lifecycle_rule.#": "0",
                            "logging.#": "0",
                            "object_lock_configuration.#": "0",
                            "region": "eu-west-2",
                            "replication_configuration.#": "0",
                            "request_payer": "BucketOwner",
                            "server_side_encryption_configuration.#": "0",
                            "tags.%": "0",
                            "versioning.#": "1",
                            "versioning.0.enabled": "true",
                            "versioning.0.mfa_delete": "false",
                            "website.#": "0"
                        },
                        "meta": {},
                        "tainted": false
                    },
                    "deposed": [],
                    "provider": "provider.aws"
                },
                "data.aws_caller_identity.current": {
                    "type": "aws_caller_identity",
                    "depends_on": [],
                    "primary": {
                        "id": "2019-02-07 18:28:54.260809 +0000 UTC",
                        "attributes": {
                            "account_id": "531092236525",
                            "arn": "arn:aws:iam::531092236525:user/drvishwas",
                            "id": "2019-02-07 18:28:54.260809 +0000 UTC",
                            "user_id": "AIDAI3PCET6FUJWHKCFJ2"
                        },
                        "meta": {},
                        "tainted": false
                    },
                    "deposed": [],
                    "provider": "provider.aws"
                }
            },
            "depends_on": []
        }
    ]
}
